// !$*UTF8*$!
{
	archiveVersion = 1;
	classes = {
	};
	objectVersion = 60;
	objects = {

/* Begin PBXBuildFile section */
		3901289526CFC1D60002612D /* LNPopupControllerExampleSupport.m in Sources */ = {isa = PBXBuildFile; fileRef = 3901289426CFC1D60002612D /* LNPopupControllerExampleSupport.m */; };
		39277A091B58228000293F95 /* main.m in Sources */ = {isa = PBXBuildFile; fileRef = 39277A081B58228000293F95 /* main.m */; };
		39277A0C1B58228000293F95 /* AppDelegate.m in Sources */ = {isa = PBXBuildFile; fileRef = 39277A0B1B58228000293F95 /* AppDelegate.m */; };
		39277A151B58228000293F95 /* Main.storyboard in Resources */ = {isa = PBXBuildFile; fileRef = 39277A131B58228000293F95 /* Main.storyboard */; };
		39277A171B58228000293F95 /* Assets.xcassets in Resources */ = {isa = PBXBuildFile; fileRef = 39277A161B58228000293F95 /* Assets.xcassets */; };
		392E2AC52AD5CAB600944CB2 /* LaunchScreen.storyboard in Resources */ = {isa = PBXBuildFile; fileRef = 392E2AC42AD5CAB600944CB2 /* LaunchScreen.storyboard */; };
		393F23251E16C04A000E969D /* MapViewController.swift in Sources */ = {isa = PBXBuildFile; fileRef = 393F23241E16C04A000E969D /* MapViewController.swift */; };
		393F23271E16C192000E969D /* CustomMapBarViewController.swift in Sources */ = {isa = PBXBuildFile; fileRef = 393F23261E16C192000E969D /* CustomMapBarViewController.swift */; };
		393F23291E16CF90000E969D /* LocationsController.swift in Sources */ = {isa = PBXBuildFile; fileRef = 393F23281E16CF90000E969D /* LocationsController.swift */; };
		394E1AA7276C014900C5BE31 /* LNPopupDemoContextMenuInteraction.m in Sources */ = {isa = PBXBuildFile; fileRef = 394E1AA6276C014900C5BE31 /* LNPopupDemoContextMenuInteraction.m */; };
		394E1AA8276C0D9300C5BE31 /* LNPopupControllerExampleSupport.m in Sources */ = {isa = PBXBuildFile; fileRef = 3901289426CFC1D60002612D /* LNPopupControllerExampleSupport.m */; };
		394E1AA9276C0DA600C5BE31 /* DemoGallery.m in Sources */ = {isa = PBXBuildFile; fileRef = 39756326254ED9EB0066981E /* DemoGallery.m */; };
		39631FAD230DA03E0059D119 /* SceneDelegate.m in Sources */ = {isa = PBXBuildFile; fileRef = 39631FAC230DA03E0059D119 /* SceneDelegate.m */; };
		39756327254ED9EB0066981E /* DemoGallery.m in Sources */ = {isa = PBXBuildFile; fileRef = 39756326254ED9EB0066981E /* DemoGallery.m */; };
		397C56281B7538A5007A67F0 /* DemoAlbumTableViewController.swift in Sources */ = {isa = PBXBuildFile; fileRef = 397C56271B7538A5007A67F0 /* DemoAlbumTableViewController.swift */; };
		397C562A1B753A45007A67F0 /* MusicCell.swift in Sources */ = {isa = PBXBuildFile; fileRef = 397C56291B753A45007A67F0 /* MusicCell.swift */; };
		3980E7FC26DEBCAF00AC0728 /* LoremIpsum in Frameworks */ = {isa = PBXBuildFile; productRef = 3980E7FB26DEBCAF00AC0728 /* LoremIpsum */; };
		39837A201B756F1A004D2DA9 /* RandomColors.m in Sources */ = {isa = PBXBuildFile; fileRef = 39837A1F1B756F1A004D2DA9 /* RandomColors.m */; };
		39837A241B758541004D2DA9 /* DemoMusicPlayerController.swift in Sources */ = {isa = PBXBuildFile; fileRef = 39837A231B758541004D2DA9 /* DemoMusicPlayerController.swift */; };
		39837A261B759721004D2DA9 /* PortraitTabBarController.swift in Sources */ = {isa = PBXBuildFile; fileRef = 39837A251B759721004D2DA9 /* PortraitTabBarController.swift */; };
		3985DE602549539B00CD76EE /* IntroWebViewController.m in Sources */ = {isa = PBXBuildFile; fileRef = 3985DE5F2549539B00CD76EE /* IntroWebViewController.m */; };
		3988E3581B59C3000039C09B /* DemoViewController.m in Sources */ = {isa = PBXBuildFile; fileRef = 3988E3571B59C3000039C09B /* DemoViewController.m */; };
		399748721D5652250079492B /* DemoPopupContentViewController.m in Sources */ = {isa = PBXBuildFile; fileRef = 399748711D5652250079492B /* DemoPopupContentViewController.m */; };
		39988C762AA1557F00C3BB04 /* SafeSystemImages.m in Sources */ = {isa = PBXBuildFile; fileRef = 39988C752AA1557F00C3BB04 /* SafeSystemImages.m */; };
		39988C772AA1557F00C3BB04 /* SafeSystemImages.m in Sources */ = {isa = PBXBuildFile; fileRef = 39988C752AA1557F00C3BB04 /* SafeSystemImages.m */; };
		39A3B58B230D400B00E10425 /* LNSplitViewController.m in Sources */ = {isa = PBXBuildFile; fileRef = 39A3B58A230D400B00E10425 /* LNSplitViewController.m */; };
		39B0DFE62B1819A9008CCF36 /* MapScene.storyboard in Resources */ = {isa = PBXBuildFile; fileRef = 39B0DFE92B1819A9008CCF36 /* MapScene.storyboard */; };
		39B0DFE72B1819A9008CCF36 /* MapScene.storyboard in Resources */ = {isa = PBXBuildFile; fileRef = 39B0DFE92B1819A9008CCF36 /* MapScene.storyboard */; };
		39B0DFEA2B1819BC008CCF36 /* Settings.storyboard in Resources */ = {isa = PBXBuildFile; fileRef = 39B0DFED2B1819BC008CCF36 /* Settings.storyboard */; };
		39B0DFEB2B1819BC008CCF36 /* Settings.storyboard in Resources */ = {isa = PBXBuildFile; fileRef = 39B0DFED2B1819BC008CCF36 /* Settings.storyboard */; };
		39B0DFEE2B1819C2008CCF36 /* ManualLayoutScene.storyboard in Resources */ = {isa = PBXBuildFile; fileRef = 39B0DFF12B1819C2008CCF36 /* ManualLayoutScene.storyboard */; };
		39B0DFEF2B1819C2008CCF36 /* ManualLayoutScene.storyboard in Resources */ = {isa = PBXBuildFile; fileRef = 39B0DFF12B1819C2008CCF36 /* ManualLayoutScene.storyboard */; };
		39B0DFF22B1819EF008CCF36 /* Music.storyboard in Resources */ = {isa = PBXBuildFile; fileRef = 39B0DFF52B1819EF008CCF36 /* Music.storyboard */; };
		39B0DFF32B1819EF008CCF36 /* Music.storyboard in Resources */ = {isa = PBXBuildFile; fileRef = 39B0DFF52B1819EF008CCF36 /* Music.storyboard */; };
		39B645EA2CA5A97B00AB038B /* ScrollingColorsPageViewController.swift in Sources */ = {isa = PBXBuildFile; fileRef = 39B645E92CA5A97B00AB038B /* ScrollingColorsPageViewController.swift */; };
		39B645EB2CA5A97B00AB038B /* ScrollingColorsPageViewController.swift in Sources */ = {isa = PBXBuildFile; fileRef = 39B645E92CA5A97B00AB038B /* ScrollingColorsPageViewController.swift */; };
		39B645ED2CA5AA1300AB038B /* PageCardViewController.swift in Sources */ = {isa = PBXBuildFile; fileRef = 39B645EC2CA5AA1300AB038B /* PageCardViewController.swift */; };
		39B645EE2CA5AA1300AB038B /* PageCardViewController.swift in Sources */ = {isa = PBXBuildFile; fileRef = 39B645EC2CA5AA1300AB038B /* PageCardViewController.swift */; };
		39B645F02CA61B0200AB038B /* ScrollingMapViewController.swift in Sources */ = {isa = PBXBuildFile; fileRef = 39B645EF2CA61B0200AB038B /* ScrollingMapViewController.swift */; };
		39B645F12CA61B0200AB038B /* ScrollingMapViewController.swift in Sources */ = {isa = PBXBuildFile; fileRef = 39B645EF2CA61B0200AB038B /* ScrollingMapViewController.swift */; };
		39BBA86924FEC32F00D9712A /* ManualLayoutCustomBarViewController.swift in Sources */ = {isa = PBXBuildFile; fileRef = 39BBA86824FEC32F00D9712A /* ManualLayoutCustomBarViewController.swift */; };
		39BBA86C24FEC3E800D9712A /* ManualLayoutCustomBarViewController.swift in Sources */ = {isa = PBXBuildFile; fileRef = 39BBA86824FEC32F00D9712A /* ManualLayoutCustomBarViewController.swift */; };
		39BF83D32B554AE800917649 /* LNPreviewToContextMenu in Frameworks */ = {isa = PBXBuildFile; productRef = 39BF83D22B554AE800917649 /* LNPreviewToContextMenu */; };
		39BF83D42B554AE800917649 /* LNPreviewToContextMenu in Embed Frameworks */ = {isa = PBXBuildFile; productRef = 39BF83D22B554AE800917649 /* LNPreviewToContextMenu */; settings = {ATTRIBUTES = (CodeSignOnCopy, ); }; };
		39BF83D62B554AF400917649 /* LNPreviewToContextMenu in Frameworks */ = {isa = PBXBuildFile; productRef = 39BF83D52B554AF400917649 /* LNPreviewToContextMenu */; };
		39BF83D72B554AF400917649 /* LNPreviewToContextMenu in Embed Frameworks */ = {isa = PBXBuildFile; productRef = 39BF83D52B554AF400917649 /* LNPreviewToContextMenu */; settings = {ATTRIBUTES = (CodeSignOnCopy, ); }; };
		39C4026E2CA4ED9F00F1C743 /* ScrollingColorsViewController.swift in Sources */ = {isa = PBXBuildFile; fileRef = 39C4026D2CA4ED9F00F1C743 /* ScrollingColorsViewController.swift */; };
		39D6C8B32B2D01E600F53E70 /* LNTouchVisualizer in Frameworks */ = {isa = PBXBuildFile; productRef = 39D6C8B22B2D01E600F53E70 /* LNTouchVisualizer */; };
		39D6C8B42B2D01F600F53E70 /* LNTouchVisualizer in Embed Frameworks */ = {isa = PBXBuildFile; productRef = 39D6C8B22B2D01E600F53E70 /* LNTouchVisualizer */; settings = {ATTRIBUTES = (CodeSignOnCopy, ); }; };
		39D6C8B62B2D020000F53E70 /* LNTouchVisualizer in Frameworks */ = {isa = PBXBuildFile; productRef = 39D6C8B52B2D020000F53E70 /* LNTouchVisualizer */; };
		39D6C8B72B2D020000F53E70 /* LNTouchVisualizer in Embed Frameworks */ = {isa = PBXBuildFile; productRef = 39D6C8B52B2D020000F53E70 /* LNTouchVisualizer */; settings = {ATTRIBUTES = (CodeSignOnCopy, ); }; };
		39D6C8BB2B2D02B500F53E70 /* SettingKeys.m in Sources */ = {isa = PBXBuildFile; fileRef = 39D6C8B92B2D02B500F53E70 /* SettingKeys.m */; };
		39D6C8BC2B2D02B500F53E70 /* SettingKeys.m in Sources */ = {isa = PBXBuildFile; fileRef = 39D6C8B92B2D02B500F53E70 /* SettingKeys.m */; };
		39D6C8BD2B2D02B500F53E70 /* SettingsViewController.swift in Sources */ = {isa = PBXBuildFile; fileRef = 39D6C8BA2B2D02B500F53E70 /* SettingsViewController.swift */; };
		39D6C8BE2B2D02B500F53E70 /* SettingsViewController.swift in Sources */ = {isa = PBXBuildFile; fileRef = 39D6C8BA2B2D02B500F53E70 /* SettingsViewController.swift */; };
		39DB61801B8891ED001BFF8F /* LNPopupController.framework in Frameworks */ = {isa = PBXBuildFile; fileRef = 39DB52F51B5823490061C589 /* LNPopupController.framework */; };
		39DB61811B8891ED001BFF8F /* LNPopupController.framework in Embed Frameworks */ = {isa = PBXBuildFile; fileRef = 39DB52F51B5823490061C589 /* LNPopupController.framework */; settings = {ATTRIBUTES = (CodeSignOnCopy, RemoveHeadersOnCopy, ); }; };
		39DDA0AE230D5F63007DCCD8 /* MapKit.framework in Frameworks */ = {isa = PBXBuildFile; fileRef = 39DDA0AD230D5F63007DCCD8 /* MapKit.framework */; };
		39FAFC3724E71A6C008BBC2D /* DemoAlbumTableViewController.swift in Sources */ = {isa = PBXBuildFile; fileRef = 397C56271B7538A5007A67F0 /* DemoAlbumTableViewController.swift */; };
		39FAFC3824E71A6C008BBC2D /* DemoMusicPlayerController.swift in Sources */ = {isa = PBXBuildFile; fileRef = 39837A231B758541004D2DA9 /* DemoMusicPlayerController.swift */; };
		39FAFC3924E71A6C008BBC2D /* CustomMapBarViewController.swift in Sources */ = {isa = PBXBuildFile; fileRef = 393F23261E16C192000E969D /* CustomMapBarViewController.swift */; };
		39FAFC3B24E71A6C008BBC2D /* LNSplitViewController.m in Sources */ = {isa = PBXBuildFile; fileRef = 39A3B58A230D400B00E10425 /* LNSplitViewController.m */; };
		39FAFC3C24E71A6C008BBC2D /* AppDelegate.m in Sources */ = {isa = PBXBuildFile; fileRef = 39277A0B1B58228000293F95 /* AppDelegate.m */; };
		39FAFC3E24E71A6C008BBC2D /* main.m in Sources */ = {isa = PBXBuildFile; fileRef = 39277A081B58228000293F95 /* main.m */; };
		39FAFC3F24E71A6C008BBC2D /* RandomColors.m in Sources */ = {isa = PBXBuildFile; fileRef = 39837A1F1B756F1A004D2DA9 /* RandomColors.m */; };
		39FAFC4024E71A6C008BBC2D /* LocationsController.swift in Sources */ = {isa = PBXBuildFile; fileRef = 393F23281E16CF90000E969D /* LocationsController.swift */; };
		39FAFC4124E71A6C008BBC2D /* MapViewController.swift in Sources */ = {isa = PBXBuildFile; fileRef = 393F23241E16C04A000E969D /* MapViewController.swift */; };
		39FAFC4224E71A6C008BBC2D /* DemoPopupContentViewController.m in Sources */ = {isa = PBXBuildFile; fileRef = 399748711D5652250079492B /* DemoPopupContentViewController.m */; };
		39FAFC4324E71A6C008BBC2D /* DemoViewController.m in Sources */ = {isa = PBXBuildFile; fileRef = 3988E3571B59C3000039C09B /* DemoViewController.m */; };
		39FAFC4424E71A6C008BBC2D /* PortraitTabBarController.swift in Sources */ = {isa = PBXBuildFile; fileRef = 39837A251B759721004D2DA9 /* PortraitTabBarController.swift */; };
		39FAFC4524E71A6C008BBC2D /* SceneDelegate.m in Sources */ = {isa = PBXBuildFile; fileRef = 39631FAC230DA03E0059D119 /* SceneDelegate.m */; };
		39FAFC4624E71A6C008BBC2D /* MusicCell.swift in Sources */ = {isa = PBXBuildFile; fileRef = 397C56291B753A45007A67F0 /* MusicCell.swift */; };
		39FAFC4824E71A6C008BBC2D /* MapKit.framework in Frameworks */ = {isa = PBXBuildFile; fileRef = 39DDA0AD230D5F63007DCCD8 /* MapKit.framework */; };
		39FAFC4B24E71A6C008BBC2D /* LoremIpsum in Frameworks */ = {isa = PBXBuildFile; productRef = 39FAFC3324E71A6C008BBC2D /* LoremIpsum */; };
		39FAFC4F24E71A6C008BBC2D /* Assets.xcassets in Resources */ = {isa = PBXBuildFile; fileRef = 39277A161B58228000293F95 /* Assets.xcassets */; };
		39FAFC5024E71A6C008BBC2D /* Main.storyboard in Resources */ = {isa = PBXBuildFile; fileRef = 39277A131B58228000293F95 /* Main.storyboard */; };
/* End PBXBuildFile section */

/* Begin PBXContainerItemProxy section */
		39DB52F41B5823490061C589 /* PBXContainerItemProxy */ = {
			isa = PBXContainerItemProxy;
			containerPortal = 39DB52F01B5823480061C589 /* LNPopupController.xcodeproj */;
			proxyType = 2;
			remoteGlobalIDString = 39DB52E51B5823330061C589;
			remoteInfo = LNPopupController;
		};
		39DB61821B8891EE001BFF8F /* PBXContainerItemProxy */ = {
			isa = PBXContainerItemProxy;
			containerPortal = 39DB52F01B5823480061C589 /* LNPopupController.xcodeproj */;
			proxyType = 1;
			remoteGlobalIDString = 39DB52E41B5823330061C589;
			remoteInfo = LNPopupController;
		};
/* End PBXContainerItemProxy section */

/* Begin PBXCopyFilesBuildPhase section */
		39DB61841B8891EE001BFF8F /* Embed Frameworks */ = {
			isa = PBXCopyFilesBuildPhase;
			buildActionMask = 2147483647;
			dstPath = "";
			dstSubfolderSpec = 10;
			files = (
				39D6C8B42B2D01F600F53E70 /* LNTouchVisualizer in Embed Frameworks */,
				39BF83D42B554AE800917649 /* LNPreviewToContextMenu in Embed Frameworks */,
				39DB61811B8891ED001BFF8F /* LNPopupController.framework in Embed Frameworks */,
			);
			name = "Embed Frameworks";
			runOnlyForDeploymentPostprocessing = 0;
		};
		39FAFC5124E71A6C008BBC2D /* Embed Frameworks */ = {
			isa = PBXCopyFilesBuildPhase;
			buildActionMask = 2147483647;
			dstPath = "";
			dstSubfolderSpec = 10;
			files = (
				39D6C8B72B2D020000F53E70 /* LNTouchVisualizer in Embed Frameworks */,
				39BF83D72B554AF400917649 /* LNPreviewToContextMenu in Embed Frameworks */,
			);
			name = "Embed Frameworks";
			runOnlyForDeploymentPostprocessing = 0;
		};
/* End PBXCopyFilesBuildPhase section */

/* Begin PBXFileReference section */
		3901289326CFC1D60002612D /* LNPopupControllerExampleSupport.h */ = {isa = PBXFileReference; lastKnownFileType = sourcecode.c.h; path = LNPopupControllerExampleSupport.h; sourceTree = "<group>"; };
		3901289426CFC1D60002612D /* LNPopupControllerExampleSupport.m */ = {isa = PBXFileReference; lastKnownFileType = sourcecode.c.objc; path = LNPopupControllerExampleSupport.m; sourceTree = "<group>"; };
		39277A041B58228000293F95 /* LNPopupControllerExample.app */ = {isa = PBXFileReference; explicitFileType = wrapper.application; includeInIndex = 0; path = LNPopupControllerExample.app; sourceTree = BUILT_PRODUCTS_DIR; };
		39277A081B58228000293F95 /* main.m */ = {isa = PBXFileReference; lastKnownFileType = sourcecode.c.objc; path = main.m; sourceTree = "<group>"; };
		39277A0A1B58228000293F95 /* AppDelegate.h */ = {isa = PBXFileReference; lastKnownFileType = sourcecode.c.h; path = AppDelegate.h; sourceTree = "<group>"; };
		39277A0B1B58228000293F95 /* AppDelegate.m */ = {isa = PBXFileReference; lastKnownFileType = sourcecode.c.objc; path = AppDelegate.m; sourceTree = "<group>"; };
		39277A0D1B58228000293F95 /* DemoViewController.h */ = {isa = PBXFileReference; lastKnownFileType = sourcecode.c.h; path = DemoViewController.h; sourceTree = "<group>"; };
		39277A141B58228000293F95 /* Base */ = {isa = PBXFileReference; lastKnownFileType = file.storyboard; name = Base; path = Base.lproj/Main.storyboard; sourceTree = "<group>"; };
		39277A161B58228000293F95 /* Assets.xcassets */ = {isa = PBXFileReference; lastKnownFileType = folder.assetcatalog; path = Assets.xcassets; sourceTree = "<group>"; };
		39277A1B1B58228000293F95 /* Info.plist */ = {isa = PBXFileReference; lastKnownFileType = text.plist.xml; name = Info.plist; path = ../Info.plist; sourceTree = "<group>"; };
		392E2AC42AD5CAB600944CB2 /* LaunchScreen.storyboard */ = {isa = PBXFileReference; fileEncoding = 4; lastKnownFileType = file.storyboard; path = LaunchScreen.storyboard; sourceTree = "<group>"; };
		393F23241E16C04A000E969D /* MapViewController.swift */ = {isa = PBXFileReference; fileEncoding = 4; lastKnownFileType = sourcecode.swift; path = MapViewController.swift; sourceTree = "<group>"; };
		393F23261E16C192000E969D /* CustomMapBarViewController.swift */ = {isa = PBXFileReference; fileEncoding = 4; lastKnownFileType = sourcecode.swift; path = CustomMapBarViewController.swift; sourceTree = "<group>"; };
		393F23281E16CF90000E969D /* LocationsController.swift */ = {isa = PBXFileReference; fileEncoding = 4; lastKnownFileType = sourcecode.swift; path = LocationsController.swift; sourceTree = "<group>"; };
		394E1AA5276C014900C5BE31 /* LNPopupDemoContextMenuInteraction.h */ = {isa = PBXFileReference; lastKnownFileType = sourcecode.c.h; path = LNPopupDemoContextMenuInteraction.h; sourceTree = "<group>"; };
		394E1AA6276C014900C5BE31 /* LNPopupDemoContextMenuInteraction.m */ = {isa = PBXFileReference; lastKnownFileType = sourcecode.c.objc; path = LNPopupDemoContextMenuInteraction.m; sourceTree = "<group>"; };
		39631FAB230DA03D0059D119 /* SceneDelegate.h */ = {isa = PBXFileReference; fileEncoding = 4; lastKnownFileType = sourcecode.c.h; path = SceneDelegate.h; sourceTree = "<group>"; };
		39631FAC230DA03E0059D119 /* SceneDelegate.m */ = {isa = PBXFileReference; fileEncoding = 4; lastKnownFileType = sourcecode.c.objc; path = SceneDelegate.m; sourceTree = "<group>"; };
		39756325254ED9EB0066981E /* DemoGallery.h */ = {isa = PBXFileReference; lastKnownFileType = sourcecode.c.h; path = DemoGallery.h; sourceTree = "<group>"; };
		39756326254ED9EB0066981E /* DemoGallery.m */ = {isa = PBXFileReference; lastKnownFileType = sourcecode.c.objc; path = DemoGallery.m; sourceTree = "<group>"; };
		397C56271B7538A5007A67F0 /* DemoAlbumTableViewController.swift */ = {isa = PBXFileReference; fileEncoding = 4; lastKnownFileType = sourcecode.swift; path = DemoAlbumTableViewController.swift; sourceTree = "<group>"; };
		397C56291B753A45007A67F0 /* MusicCell.swift */ = {isa = PBXFileReference; fileEncoding = 4; lastKnownFileType = sourcecode.swift; path = MusicCell.swift; sourceTree = "<group>"; };
		39837A1F1B756F1A004D2DA9 /* RandomColors.m */ = {isa = PBXFileReference; fileEncoding = 4; lastKnownFileType = sourcecode.c.objc; path = RandomColors.m; sourceTree = "<group>"; };
		39837A211B756F4C004D2DA9 /* RandomColors.h */ = {isa = PBXFileReference; lastKnownFileType = sourcecode.c.h; path = RandomColors.h; sourceTree = "<group>"; };
		39837A231B758541004D2DA9 /* DemoMusicPlayerController.swift */ = {isa = PBXFileReference; fileEncoding = 4; lastKnownFileType = sourcecode.swift; path = DemoMusicPlayerController.swift; sourceTree = "<group>"; };
		39837A251B759721004D2DA9 /* PortraitTabBarController.swift */ = {isa = PBXFileReference; fileEncoding = 4; lastKnownFileType = sourcecode.swift; path = PortraitTabBarController.swift; sourceTree = "<group>"; };
		3985DE5E2549539B00CD76EE /* IntroWebViewController.h */ = {isa = PBXFileReference; lastKnownFileType = sourcecode.c.h; path = IntroWebViewController.h; sourceTree = "<group>"; };
		3985DE5F2549539B00CD76EE /* IntroWebViewController.m */ = {isa = PBXFileReference; lastKnownFileType = sourcecode.c.objc; path = IntroWebViewController.m; sourceTree = "<group>"; };
		3988E3571B59C3000039C09B /* DemoViewController.m */ = {isa = PBXFileReference; fileEncoding = 4; lastKnownFileType = sourcecode.c.objc; path = DemoViewController.m; sourceTree = "<group>"; tabWidth = 4; };
		399748701D5652250079492B /* DemoPopupContentViewController.h */ = {isa = PBXFileReference; fileEncoding = 4; lastKnownFileType = sourcecode.c.h; path = DemoPopupContentViewController.h; sourceTree = "<group>"; };
		399748711D5652250079492B /* DemoPopupContentViewController.m */ = {isa = PBXFileReference; fileEncoding = 4; lastKnownFileType = sourcecode.c.objc; path = DemoPopupContentViewController.m; sourceTree = "<group>"; };
		39988C742AA1557F00C3BB04 /* SafeSystemImages.h */ = {isa = PBXFileReference; lastKnownFileType = sourcecode.c.h; path = SafeSystemImages.h; sourceTree = "<group>"; };
		39988C752AA1557F00C3BB04 /* SafeSystemImages.m */ = {isa = PBXFileReference; lastKnownFileType = sourcecode.c.objc; path = SafeSystemImages.m; sourceTree = "<group>"; };
		39A134DA1B73FFC0003AB4C5 /* LNPopupControllerExample-Bridging-Header.h */ = {isa = PBXFileReference; lastKnownFileType = sourcecode.c.h; path = "LNPopupControllerExample-Bridging-Header.h"; sourceTree = "<group>"; };
		39A3B589230D400B00E10425 /* LNSplitViewController.h */ = {isa = PBXFileReference; lastKnownFileType = sourcecode.c.h; path = LNSplitViewController.h; sourceTree = "<group>"; };
		39A3B58A230D400B00E10425 /* LNSplitViewController.m */ = {isa = PBXFileReference; lastKnownFileType = sourcecode.c.objc; path = LNSplitViewController.m; sourceTree = "<group>"; };
		39B0DFE82B1819A9008CCF36 /* Base */ = {isa = PBXFileReference; lastKnownFileType = file.storyboard; name = Base; path = Base.lproj/MapScene.storyboard; sourceTree = "<group>"; };
		39B0DFEC2B1819BC008CCF36 /* Base */ = {isa = PBXFileReference; lastKnownFileType = file.storyboard; name = Base; path = Base.lproj/Settings.storyboard; sourceTree = "<group>"; };
		39B0DFF02B1819C2008CCF36 /* Base */ = {isa = PBXFileReference; lastKnownFileType = file.storyboard; name = Base; path = Base.lproj/ManualLayoutScene.storyboard; sourceTree = "<group>"; };
		39B0DFF42B1819EF008CCF36 /* Base */ = {isa = PBXFileReference; lastKnownFileType = file.storyboard; name = Base; path = Base.lproj/Music.storyboard; sourceTree = "<group>"; };
		39B645E92CA5A97B00AB038B /* ScrollingColorsPageViewController.swift */ = {isa = PBXFileReference; lastKnownFileType = sourcecode.swift; path = ScrollingColorsPageViewController.swift; sourceTree = "<group>"; };
		39B645EC2CA5AA1300AB038B /* PageCardViewController.swift */ = {isa = PBXFileReference; lastKnownFileType = sourcecode.swift; path = PageCardViewController.swift; sourceTree = "<group>"; };
		39B645EF2CA61B0200AB038B /* ScrollingMapViewController.swift */ = {isa = PBXFileReference; lastKnownFileType = sourcecode.swift; path = ScrollingMapViewController.swift; sourceTree = "<group>"; };
		39BBA86824FEC32F00D9712A /* ManualLayoutCustomBarViewController.swift */ = {isa = PBXFileReference; lastKnownFileType = sourcecode.swift; path = ManualLayoutCustomBarViewController.swift; sourceTree = "<group>"; };
		39C4026D2CA4ED9F00F1C743 /* ScrollingColorsViewController.swift */ = {isa = PBXFileReference; lastKnownFileType = sourcecode.swift; path = ScrollingColorsViewController.swift; sourceTree = "<group>"; };
		39D6C8992B2CC3A100F53E70 /* LNPopupControllerExample.entitlements */ = {isa = PBXFileReference; lastKnownFileType = text.plist.entitlements; path = LNPopupControllerExample.entitlements; sourceTree = "<group>"; };
		39D6C8B82B2D02B500F53E70 /* SettingKeys.h */ = {isa = PBXFileReference; fileEncoding = 4; lastKnownFileType = sourcecode.c.h; name = SettingKeys.h; path = ../../../LNPopupSettings/SettingKeys.h; sourceTree = "<group>"; };
		39D6C8B92B2D02B500F53E70 /* SettingKeys.m */ = {isa = PBXFileReference; fileEncoding = 4; lastKnownFileType = sourcecode.c.objc; name = SettingKeys.m; path = ../../../LNPopupSettings/SettingKeys.m; sourceTree = "<group>"; };
		39D6C8BA2B2D02B500F53E70 /* SettingsViewController.swift */ = {isa = PBXFileReference; fileEncoding = 4; lastKnownFileType = sourcecode.swift; name = SettingsViewController.swift; path = ../../../LNPopupSettings/SettingsViewController.swift; sourceTree = "<group>"; };
		39DB52F01B5823480061C589 /* LNPopupController.xcodeproj */ = {isa = PBXFileReference; lastKnownFileType = "wrapper.pb-project"; name = LNPopupController.xcodeproj; path = ../LNPopupController/LNPopupController.xcodeproj; sourceTree = "<group>"; };
		39DDA0AD230D5F63007DCCD8 /* MapKit.framework */ = {isa = PBXFileReference; lastKnownFileType = wrapper.framework; name = MapKit.framework; path = System/Library/Frameworks/MapKit.framework; sourceTree = SDKROOT; };
		39FAFC5724E71A6C008BBC2D /* LNPopupControllerExampleNoPopup.app */ = {isa = PBXFileReference; explicitFileType = wrapper.application; includeInIndex = 0; path = LNPopupControllerExampleNoPopup.app; sourceTree = BUILT_PRODUCTS_DIR; };
		39FAFC5824E71A6C008BBC2D /* LNPopupControllerExampleNoPopup-Info.plist */ = {isa = PBXFileReference; lastKnownFileType = text.plist.xml; name = "LNPopupControllerExampleNoPopup-Info.plist"; path = "../LNPopupControllerExampleNoPopup-Info.plist"; sourceTree = "<group>"; };
/* End PBXFileReference section */

/* Begin PBXFrameworksBuildPhase section */
		39277A011B58228000293F95 /* Frameworks */ = {
			isa = PBXFrameworksBuildPhase;
			buildActionMask = 2147483647;
			files = (
				39BF83D32B554AE800917649 /* LNPreviewToContextMenu in Frameworks */,
				3980E7FC26DEBCAF00AC0728 /* LoremIpsum in Frameworks */,
				39DDA0AE230D5F63007DCCD8 /* MapKit.framework in Frameworks */,
				39DB61801B8891ED001BFF8F /* LNPopupController.framework in Frameworks */,
				39D6C8B32B2D01E600F53E70 /* LNTouchVisualizer in Frameworks */,
			);
			runOnlyForDeploymentPostprocessing = 0;
		};
		39FAFC4724E71A6C008BBC2D /* Frameworks */ = {
			isa = PBXFrameworksBuildPhase;
			buildActionMask = 2147483647;
			files = (
				39D6C8B62B2D020000F53E70 /* LNTouchVisualizer in Frameworks */,
				39FAFC4824E71A6C008BBC2D /* MapKit.framework in Frameworks */,
				39FAFC4B24E71A6C008BBC2D /* LoremIpsum in Frameworks */,
				39BF83D62B554AF400917649 /* LNPreviewToContextMenu in Frameworks */,
			);
			runOnlyForDeploymentPostprocessing = 0;
		};
/* End PBXFrameworksBuildPhase section */

/* Begin PBXGroup section */
		3908C3491E7C9E8A00451B5D /* Settings */ = {
			isa = PBXGroup;
			children = (
				39B0DFED2B1819BC008CCF36 /* Settings.storyboard */,
				39D6C8B82B2D02B500F53E70 /* SettingKeys.h */,
				39D6C8B92B2D02B500F53E70 /* SettingKeys.m */,
				39D6C8BA2B2D02B500F53E70 /* SettingsViewController.swift */,
			);
			path = Settings;
			sourceTree = "<group>";
		};
		392779FB1B58228000293F95 = {
			isa = PBXGroup;
			children = (
				39DB52F01B5823480061C589 /* LNPopupController.xcodeproj */,
				39277A061B58228000293F95 /* LNPopupControllerExample */,
				39277A051B58228000293F95 /* Products */,
				39DDA0AC230D5F63007DCCD8 /* Frameworks */,
			);
			sourceTree = "<group>";
			tabWidth = 4;
		};
		39277A051B58228000293F95 /* Products */ = {
			isa = PBXGroup;
			children = (
				39277A041B58228000293F95 /* LNPopupControllerExample.app */,
				39FAFC5724E71A6C008BBC2D /* LNPopupControllerExampleNoPopup.app */,
			);
			name = Products;
			sourceTree = "<group>";
		};
		39277A061B58228000293F95 /* LNPopupControllerExample */ = {
			isa = PBXGroup;
			children = (
				39D6C8992B2CC3A100F53E70 /* LNPopupControllerExample.entitlements */,
				39277A131B58228000293F95 /* Main.storyboard */,
				397C560B1B74D47D007A67F0 /* Demo - Testing Scene (Objective-C) */,
				397C560C1B74D747007A67F0 /* Demo - Music Scene (Swift) */,
				393F23211E16BEF5000E969D /* Demo - Custom Pupup Bar Scene (Swift) */,
				39BBA86324FEC16600D9712A /* Demo - Custom Pupup Bar Scene - Manual Layout (Swift) */,
				3908C3491E7C9E8A00451B5D /* Settings */,
				39837A221B756F9B004D2DA9 /* Utils */,
				39277A071B58228000293F95 /* Supporting Files */,
			);
			path = LNPopupControllerExample;
			sourceTree = "<group>";
		};
		39277A071B58228000293F95 /* Supporting Files */ = {
			isa = PBXGroup;
			children = (
				397C560A1B74D45F007A67F0 /* Swift Bridging Header */,
				39277A161B58228000293F95 /* Assets.xcassets */,
				392E2AC42AD5CAB600944CB2 /* LaunchScreen.storyboard */,
				39277A1B1B58228000293F95 /* Info.plist */,
				39FAFC5824E71A6C008BBC2D /* LNPopupControllerExampleNoPopup-Info.plist */,
				39277A0A1B58228000293F95 /* AppDelegate.h */,
				39277A0B1B58228000293F95 /* AppDelegate.m */,
				39631FAB230DA03D0059D119 /* SceneDelegate.h */,
				39631FAC230DA03E0059D119 /* SceneDelegate.m */,
				39277A081B58228000293F95 /* main.m */,
			);
			name = "Supporting Files";
			path = Supporting;
			sourceTree = "<group>";
		};
		393F23211E16BEF5000E969D /* Demo - Custom Pupup Bar Scene (Swift) */ = {
			isa = PBXGroup;
			children = (
				39B0DFE92B1819A9008CCF36 /* MapScene.storyboard */,
				393F23241E16C04A000E969D /* MapViewController.swift */,
				393F23261E16C192000E969D /* CustomMapBarViewController.swift */,
				393F23281E16CF90000E969D /* LocationsController.swift */,
			);
			name = "Demo - Custom Pupup Bar Scene (Swift)";
			path = CustomBarScene;
			sourceTree = "<group>";
		};
		397C560A1B74D45F007A67F0 /* Swift Bridging Header */ = {
			isa = PBXGroup;
			children = (
				39A134DA1B73FFC0003AB4C5 /* LNPopupControllerExample-Bridging-Header.h */,
			);
			name = "Swift Bridging Header";
			sourceTree = "<group>";
		};
		397C560B1B74D47D007A67F0 /* Demo - Testing Scene (Objective-C) */ = {
			isa = PBXGroup;
			children = (
				39756325254ED9EB0066981E /* DemoGallery.h */,
				39756326254ED9EB0066981E /* DemoGallery.m */,
				39277A0D1B58228000293F95 /* DemoViewController.h */,
				3988E3571B59C3000039C09B /* DemoViewController.m */,
				399748701D5652250079492B /* DemoPopupContentViewController.h */,
				399748711D5652250079492B /* DemoPopupContentViewController.m */,
				39A3B589230D400B00E10425 /* LNSplitViewController.h */,
				39A3B58A230D400B00E10425 /* LNSplitViewController.m */,
				3985DE5E2549539B00CD76EE /* IntroWebViewController.h */,
				3985DE5F2549539B00CD76EE /* IntroWebViewController.m */,
				3901289326CFC1D60002612D /* LNPopupControllerExampleSupport.h */,
				3901289426CFC1D60002612D /* LNPopupControllerExampleSupport.m */,
				394E1AA5276C014900C5BE31 /* LNPopupDemoContextMenuInteraction.h */,
				394E1AA6276C014900C5BE31 /* LNPopupDemoContextMenuInteraction.m */,
				39C4026D2CA4ED9F00F1C743 /* ScrollingColorsViewController.swift */,
				39B645EC2CA5AA1300AB038B /* PageCardViewController.swift */,
				39B645E92CA5A97B00AB038B /* ScrollingColorsPageViewController.swift */,
				39B645EF2CA61B0200AB038B /* ScrollingMapViewController.swift */,
			);
			name = "Demo - Testing Scene (Objective-C)";
			path = TestingScene;
			sourceTree = "<group>";
		};
		397C560C1B74D747007A67F0 /* Demo - Music Scene (Swift) */ = {
			isa = PBXGroup;
			children = (
				39B0DFF52B1819EF008CCF36 /* Music.storyboard */,
				397C56271B7538A5007A67F0 /* DemoAlbumTableViewController.swift */,
				39837A231B758541004D2DA9 /* DemoMusicPlayerController.swift */,
				397C56291B753A45007A67F0 /* MusicCell.swift */,
				39837A251B759721004D2DA9 /* PortraitTabBarController.swift */,
			);
			name = "Demo - Music Scene (Swift)";
			path = MusicScene;
			sourceTree = "<group>";
		};
		39837A221B756F9B004D2DA9 /* Utils */ = {
			isa = PBXGroup;
			children = (
				39837A211B756F4C004D2DA9 /* RandomColors.h */,
				39837A1F1B756F1A004D2DA9 /* RandomColors.m */,
				39988C742AA1557F00C3BB04 /* SafeSystemImages.h */,
				39988C752AA1557F00C3BB04 /* SafeSystemImages.m */,
			);
			path = Utils;
			sourceTree = "<group>";
		};
		39BBA86324FEC16600D9712A /* Demo - Custom Pupup Bar Scene - Manual Layout (Swift) */ = {
			isa = PBXGroup;
			children = (
				39B0DFF12B1819C2008CCF36 /* ManualLayoutScene.storyboard */,
				39BBA86824FEC32F00D9712A /* ManualLayoutCustomBarViewController.swift */,
			);
			name = "Demo - Custom Pupup Bar Scene - Manual Layout (Swift)";
			path = CustomBarScene_ManualLayout;
			sourceTree = "<group>";
		};
		39DB52F11B5823480061C589 /* Products */ = {
			isa = PBXGroup;
			children = (
				39DB52F51B5823490061C589 /* LNPopupController.framework */,
			);
			name = Products;
			sourceTree = "<group>";
		};
		39DDA0AC230D5F63007DCCD8 /* Frameworks */ = {
			isa = PBXGroup;
			children = (
				39DDA0AD230D5F63007DCCD8 /* MapKit.framework */,
			);
			name = Frameworks;
			sourceTree = "<group>";
		};
/* End PBXGroup section */

/* Begin PBXNativeTarget section */
		39277A031B58228000293F95 /* LNPopupControllerExample */ = {
			isa = PBXNativeTarget;
			buildConfigurationList = 39277A1E1B58228000293F95 /* Build configuration list for PBXNativeTarget "LNPopupControllerExample" */;
			buildPhases = (
				39277A001B58228000293F95 /* Sources */,
				39277A011B58228000293F95 /* Frameworks */,
				39277A021B58228000293F95 /* Resources */,
				39DB61841B8891EE001BFF8F /* Embed Frameworks */,
			);
			buildRules = (
			);
			dependencies = (
				39114EDB26E2BF8B004FC75B /* PBXTargetDependency */,
				39114EDD26E2BF8B004FC75B /* PBXTargetDependency */,
				39114EDF26E2BF8B004FC75B /* PBXTargetDependency */,
				39DB61831B8891EE001BFF8F /* PBXTargetDependency */,
			);
			name = LNPopupControllerExample;
			packageProductDependencies = (
				3980E7FB26DEBCAF00AC0728 /* LoremIpsum */,
				39D6C8B22B2D01E600F53E70 /* LNTouchVisualizer */,
				39BF83D22B554AE800917649 /* LNPreviewToContextMenu */,
			);
			productName = LNPopupControllerExample;
			productReference = 39277A041B58228000293F95 /* LNPopupControllerExample.app */;
			productType = "com.apple.product-type.application";
		};
		39FAFC2E24E71A6C008BBC2D /* LNPopupControllerExampleNoPopup */ = {
			isa = PBXNativeTarget;
			buildConfigurationList = 39FAFC5424E71A6C008BBC2D /* Build configuration list for PBXNativeTarget "LNPopupControllerExampleNoPopup" */;
			buildPhases = (
				39FAFC3524E71A6C008BBC2D /* Sources */,
				39FAFC4724E71A6C008BBC2D /* Frameworks */,
				39FAFC4C24E71A6C008BBC2D /* Resources */,
				39FAFC5124E71A6C008BBC2D /* Embed Frameworks */,
			);
			buildRules = (
			);
			dependencies = (
			);
			name = LNPopupControllerExampleNoPopup;
			packageProductDependencies = (
				39FAFC3324E71A6C008BBC2D /* LoremIpsum */,
				39D6C8B52B2D020000F53E70 /* LNTouchVisualizer */,
				39BF83D52B554AF400917649 /* LNPreviewToContextMenu */,
			);
			productName = LNPopupControllerExample;
			productReference = 39FAFC5724E71A6C008BBC2D /* LNPopupControllerExampleNoPopup.app */;
			productType = "com.apple.product-type.application";
		};
/* End PBXNativeTarget section */

/* Begin PBXProject section */
		392779FC1B58228000293F95 /* Project object */ = {
			isa = PBXProject;
			attributes = {
				LastSwiftUpdateCheck = 0700;
				LastUpgradeCheck = 9999;
				ORGANIZATIONNAME = "Léo Natan";
				TargetAttributes = {
					39277A031B58228000293F95 = {
						CreatedOnToolsVersion = 7.0;
						LastSwiftMigration = 1100;
					};
				};
			};
			buildConfigurationList = 392779FF1B58228000293F95 /* Build configuration list for PBXProject "LNPopupControllerExample" */;
			compatibilityVersion = "Xcode 15.0";
			developmentRegion = en;
			hasScannedForEncodings = 0;
			knownRegions = (
				en,
				Base,
			);
			mainGroup = 392779FB1B58228000293F95;
			packageReferences = (
				3980E7FA26DEBCAF00AC0728 /* XCRemoteSwiftPackageReference "LoremIpsum" */,
				39114ED726E2BF7A004FC75B /* XCRemoteSwiftPackageReference "LNPreviewToContextMenu" */,
				39D6C8B12B2D01E600F53E70 /* XCRemoteSwiftPackageReference "LNTouchVisualizer" */,
			);
			productRefGroup = 39277A051B58228000293F95 /* Products */;
			projectDirPath = "";
			projectReferences = (
				{
					ProductGroup = 39DB52F11B5823480061C589 /* Products */;
					ProjectRef = 39DB52F01B5823480061C589 /* LNPopupController.xcodeproj */;
				},
			);
			projectRoot = "";
			targets = (
				39277A031B58228000293F95 /* LNPopupControllerExample */,
				39FAFC2E24E71A6C008BBC2D /* LNPopupControllerExampleNoPopup */,
			);
		};
/* End PBXProject section */

/* Begin PBXReferenceProxy section */
		39DB52F51B5823490061C589 /* LNPopupController.framework */ = {
			isa = PBXReferenceProxy;
			fileType = wrapper.framework;
			path = LNPopupController.framework;
			remoteRef = 39DB52F41B5823490061C589 /* PBXContainerItemProxy */;
			sourceTree = BUILT_PRODUCTS_DIR;
		};
/* End PBXReferenceProxy section */

/* Begin PBXResourcesBuildPhase section */
		39277A021B58228000293F95 /* Resources */ = {
			isa = PBXResourcesBuildPhase;
			buildActionMask = 2147483647;
			files = (
				39B0DFF22B1819EF008CCF36 /* Music.storyboard in Resources */,
				39B0DFEE2B1819C2008CCF36 /* ManualLayoutScene.storyboard in Resources */,
				39B0DFE62B1819A9008CCF36 /* MapScene.storyboard in Resources */,
				39B0DFEA2B1819BC008CCF36 /* Settings.storyboard in Resources */,
				392E2AC52AD5CAB600944CB2 /* LaunchScreen.storyboard in Resources */,
				39277A171B58228000293F95 /* Assets.xcassets in Resources */,
				39277A151B58228000293F95 /* Main.storyboard in Resources */,
			);
			runOnlyForDeploymentPostprocessing = 0;
		};
		39FAFC4C24E71A6C008BBC2D /* Resources */ = {
			isa = PBXResourcesBuildPhase;
			buildActionMask = 2147483647;
			files = (
				39B0DFF32B1819EF008CCF36 /* Music.storyboard in Resources */,
				39B0DFEF2B1819C2008CCF36 /* ManualLayoutScene.storyboard in Resources */,
				39B0DFE72B1819A9008CCF36 /* MapScene.storyboard in Resources */,
				39B0DFEB2B1819BC008CCF36 /* Settings.storyboard in Resources */,
				39FAFC4F24E71A6C008BBC2D /* Assets.xcassets in Resources */,
				39FAFC5024E71A6C008BBC2D /* Main.storyboard in Resources */,
			);
			runOnlyForDeploymentPostprocessing = 0;
		};
/* End PBXResourcesBuildPhase section */

/* Begin PBXSourcesBuildPhase section */
		39277A001B58228000293F95 /* Sources */ = {
			isa = PBXSourcesBuildPhase;
			buildActionMask = 2147483647;
			files = (
				39BBA86924FEC32F00D9712A /* ManualLayoutCustomBarViewController.swift in Sources */,
				39756327254ED9EB0066981E /* DemoGallery.m in Sources */,
				397C56281B7538A5007A67F0 /* DemoAlbumTableViewController.swift in Sources */,
				39837A241B758541004D2DA9 /* DemoMusicPlayerController.swift in Sources */,
				39988C762AA1557F00C3BB04 /* SafeSystemImages.m in Sources */,
				393F23271E16C192000E969D /* CustomMapBarViewController.swift in Sources */,
				39A3B58B230D400B00E10425 /* LNSplitViewController.m in Sources */,
				39277A0C1B58228000293F95 /* AppDelegate.m in Sources */,
				39B645F02CA61B0200AB038B /* ScrollingMapViewController.swift in Sources */,
				394E1AA7276C014900C5BE31 /* LNPopupDemoContextMenuInteraction.m in Sources */,
				39277A091B58228000293F95 /* main.m in Sources */,
				39D6C8BB2B2D02B500F53E70 /* SettingKeys.m in Sources */,
				39837A201B756F1A004D2DA9 /* RandomColors.m in Sources */,
				393F23291E16CF90000E969D /* LocationsController.swift in Sources */,
				39B645EB2CA5A97B00AB038B /* ScrollingColorsPageViewController.swift in Sources */,
				39B645ED2CA5AA1300AB038B /* PageCardViewController.swift in Sources */,
				3985DE602549539B00CD76EE /* IntroWebViewController.m in Sources */,
				393F23251E16C04A000E969D /* MapViewController.swift in Sources */,
				39D6C8BD2B2D02B500F53E70 /* SettingsViewController.swift in Sources */,
				3901289526CFC1D60002612D /* LNPopupControllerExampleSupport.m in Sources */,
				399748721D5652250079492B /* DemoPopupContentViewController.m in Sources */,
				3988E3581B59C3000039C09B /* DemoViewController.m in Sources */,
				39C4026E2CA4ED9F00F1C743 /* ScrollingColorsViewController.swift in Sources */,
				39837A261B759721004D2DA9 /* PortraitTabBarController.swift in Sources */,
				39631FAD230DA03E0059D119 /* SceneDelegate.m in Sources */,
				397C562A1B753A45007A67F0 /* MusicCell.swift in Sources */,
			);
			runOnlyForDeploymentPostprocessing = 0;
		};
		39FAFC3524E71A6C008BBC2D /* Sources */ = {
			isa = PBXSourcesBuildPhase;
			buildActionMask = 2147483647;
			files = (
				394E1AA8276C0D9300C5BE31 /* LNPopupControllerExampleSupport.m in Sources */,
				39B645EA2CA5A97B00AB038B /* ScrollingColorsPageViewController.swift in Sources */,
				394E1AA9276C0DA600C5BE31 /* DemoGallery.m in Sources */,
				39D6C8BE2B2D02B500F53E70 /* SettingsViewController.swift in Sources */,
				39BBA86C24FEC3E800D9712A /* ManualLayoutCustomBarViewController.swift in Sources */,
				39FAFC3724E71A6C008BBC2D /* DemoAlbumTableViewController.swift in Sources */,
				39FAFC3824E71A6C008BBC2D /* DemoMusicPlayerController.swift in Sources */,
				39FAFC3924E71A6C008BBC2D /* CustomMapBarViewController.swift in Sources */,
				39FAFC3B24E71A6C008BBC2D /* LNSplitViewController.m in Sources */,
				39FAFC3C24E71A6C008BBC2D /* AppDelegate.m in Sources */,
				39FAFC3E24E71A6C008BBC2D /* main.m in Sources */,
				39FAFC3F24E71A6C008BBC2D /* RandomColors.m in Sources */,
				39FAFC4024E71A6C008BBC2D /* LocationsController.swift in Sources */,
				39FAFC4124E71A6C008BBC2D /* MapViewController.swift in Sources */,
				39FAFC4224E71A6C008BBC2D /* DemoPopupContentViewController.m in Sources */,
				39FAFC4324E71A6C008BBC2D /* DemoViewController.m in Sources */,
				39D6C8BC2B2D02B500F53E70 /* SettingKeys.m in Sources */,
				39B645EE2CA5AA1300AB038B /* PageCardViewController.swift in Sources */,
				39FAFC4424E71A6C008BBC2D /* PortraitTabBarController.swift in Sources */,
				39B645F12CA61B0200AB038B /* ScrollingMapViewController.swift in Sources */,
				39988C772AA1557F00C3BB04 /* SafeSystemImages.m in Sources */,
				39FAFC4524E71A6C008BBC2D /* SceneDelegate.m in Sources */,
				39FAFC4624E71A6C008BBC2D /* MusicCell.swift in Sources */,
			);
			runOnlyForDeploymentPostprocessing = 0;
		};
/* End PBXSourcesBuildPhase section */

/* Begin PBXTargetDependency section */
		39114EDB26E2BF8B004FC75B /* PBXTargetDependency */ = {
			isa = PBXTargetDependency;
			productRef = 39114EDA26E2BF8B004FC75B /* LoremIpsum */;
		};
		39114EDD26E2BF8B004FC75B /* PBXTargetDependency */ = {
			isa = PBXTargetDependency;
			productRef = 39114EDC26E2BF8B004FC75B /* LNTouchVisualizer */;
		};
		39114EDF26E2BF8B004FC75B /* PBXTargetDependency */ = {
			isa = PBXTargetDependency;
			productRef = 39114EDE26E2BF8B004FC75B /* LNPreviewToContextMenu */;
		};
		39DB61831B8891EE001BFF8F /* PBXTargetDependency */ = {
			isa = PBXTargetDependency;
			name = LNPopupController;
			targetProxy = 39DB61821B8891EE001BFF8F /* PBXContainerItemProxy */;
		};
/* End PBXTargetDependency section */

/* Begin PBXVariantGroup section */
		39277A131B58228000293F95 /* Main.storyboard */ = {
			isa = PBXVariantGroup;
			children = (
				39277A141B58228000293F95 /* Base */,
			);
			name = Main.storyboard;
			path = TestingScene;
			sourceTree = "<group>";
		};
		39B0DFE92B1819A9008CCF36 /* MapScene.storyboard */ = {
			isa = PBXVariantGroup;
			children = (
				39B0DFE82B1819A9008CCF36 /* Base */,
			);
			name = MapScene.storyboard;
			sourceTree = "<group>";
		};
		39B0DFED2B1819BC008CCF36 /* Settings.storyboard */ = {
			isa = PBXVariantGroup;
			children = (
				39B0DFEC2B1819BC008CCF36 /* Base */,
			);
			name = Settings.storyboard;
			sourceTree = "<group>";
		};
		39B0DFF12B1819C2008CCF36 /* ManualLayoutScene.storyboard */ = {
			isa = PBXVariantGroup;
			children = (
				39B0DFF02B1819C2008CCF36 /* Base */,
			);
			name = ManualLayoutScene.storyboard;
			sourceTree = "<group>";
		};
		39B0DFF52B1819EF008CCF36 /* Music.storyboard */ = {
			isa = PBXVariantGroup;
			children = (
				39B0DFF42B1819EF008CCF36 /* Base */,
			);
			name = Music.storyboard;
			sourceTree = "<group>";
		};
/* End PBXVariantGroup section */

/* Begin XCBuildConfiguration section */
		39277A1C1B58228000293F95 /* Debug */ = {
			isa = XCBuildConfiguration;
			buildSettings = {
				ALWAYS_SEARCH_USER_PATHS = NO;
				CLANG_ANALYZER_LOCALIZABILITY_NONLOCALIZED = YES;
				CLANG_CXX_LIBRARY = "libc++";
				CLANG_ENABLE_MODULES = YES;
				CLANG_ENABLE_OBJC_ARC = YES;
				CLANG_WARN_BLOCK_CAPTURE_AUTORELEASING = YES;
				CLANG_WARN_BOOL_CONVERSION = YES;
				CLANG_WARN_COMMA = YES;
				CLANG_WARN_CONSTANT_CONVERSION = YES;
				CLANG_WARN_DEPRECATED_OBJC_IMPLEMENTATIONS = YES;
				CLANG_WARN_DIRECT_OBJC_ISA_USAGE = YES_ERROR;
				CLANG_WARN_EMPTY_BODY = YES;
				CLANG_WARN_ENUM_CONVERSION = YES;
				CLANG_WARN_INFINITE_RECURSION = YES;
				CLANG_WARN_INT_CONVERSION = YES;
				CLANG_WARN_NON_LITERAL_NULL_CONVERSION = YES;
				CLANG_WARN_OBJC_IMPLICIT_RETAIN_SELF = YES;
				CLANG_WARN_OBJC_LITERAL_CONVERSION = YES;
				CLANG_WARN_OBJC_ROOT_CLASS = YES_ERROR;
				CLANG_WARN_QUOTED_INCLUDE_IN_FRAMEWORK_HEADER = YES;
				CLANG_WARN_RANGE_LOOP_ANALYSIS = YES;
				CLANG_WARN_STRICT_PROTOTYPES = YES;
				CLANG_WARN_SUSPICIOUS_MOVE = YES;
				CLANG_WARN_UNREACHABLE_CODE = YES;
				CLANG_WARN__DUPLICATE_METHOD_MATCH = YES;
				"CODE_SIGN_IDENTITY[sdk=iphoneos*]" = "iPhone Developer";
				COPY_PHASE_STRIP = NO;
				DEBUG_INFORMATION_FORMAT = dwarf;
				ENABLE_STRICT_OBJC_MSGSEND = YES;
				ENABLE_TESTABILITY = YES;
				GCC_DYNAMIC_NO_PIC = NO;
				GCC_NO_COMMON_BLOCKS = YES;
				GCC_OPTIMIZATION_LEVEL = 0;
				GCC_PREPROCESSOR_DEFINITIONS = (
					"DEBUG=1",
					"$(inherited)",
				);
				GCC_WARN_64_TO_32_BIT_CONVERSION = YES;
				GCC_WARN_ABOUT_RETURN_TYPE = YES_ERROR;
				GCC_WARN_UNDECLARED_SELECTOR = YES;
				GCC_WARN_UNINITIALIZED_AUTOS = YES_AGGRESSIVE;
				GCC_WARN_UNUSED_FUNCTION = YES;
				GCC_WARN_UNUSED_VARIABLE = YES;
				IPHONEOS_DEPLOYMENT_TARGET = 14.0;
				MTL_ENABLE_DEBUG_INFO = YES;
				ONLY_ACTIVE_ARCH = YES;
				SDKROOT = iphoneos;
				TARGETED_DEVICE_FAMILY = "1,2";
			};
			name = Debug;
		};
		39277A1D1B58228000293F95 /* Release */ = {
			isa = XCBuildConfiguration;
			buildSettings = {
				ALWAYS_SEARCH_USER_PATHS = NO;
				CLANG_ANALYZER_LOCALIZABILITY_NONLOCALIZED = YES;
				CLANG_CXX_LIBRARY = "libc++";
				CLANG_ENABLE_MODULES = YES;
				CLANG_ENABLE_OBJC_ARC = YES;
				CLANG_WARN_BLOCK_CAPTURE_AUTORELEASING = YES;
				CLANG_WARN_BOOL_CONVERSION = YES;
				CLANG_WARN_COMMA = YES;
				CLANG_WARN_CONSTANT_CONVERSION = YES;
				CLANG_WARN_DEPRECATED_OBJC_IMPLEMENTATIONS = YES;
				CLANG_WARN_DIRECT_OBJC_ISA_USAGE = YES_ERROR;
				CLANG_WARN_EMPTY_BODY = YES;
				CLANG_WARN_ENUM_CONVERSION = YES;
				CLANG_WARN_INFINITE_RECURSION = YES;
				CLANG_WARN_INT_CONVERSION = YES;
				CLANG_WARN_NON_LITERAL_NULL_CONVERSION = YES;
				CLANG_WARN_OBJC_IMPLICIT_RETAIN_SELF = YES;
				CLANG_WARN_OBJC_LITERAL_CONVERSION = YES;
				CLANG_WARN_OBJC_ROOT_CLASS = YES_ERROR;
				CLANG_WARN_QUOTED_INCLUDE_IN_FRAMEWORK_HEADER = YES;
				CLANG_WARN_RANGE_LOOP_ANALYSIS = YES;
				CLANG_WARN_STRICT_PROTOTYPES = YES;
				CLANG_WARN_SUSPICIOUS_MOVE = YES;
				CLANG_WARN_UNREACHABLE_CODE = YES;
				CLANG_WARN__DUPLICATE_METHOD_MATCH = YES;
				"CODE_SIGN_IDENTITY[sdk=iphoneos*]" = "iPhone Developer";
				COPY_PHASE_STRIP = NO;
				DEBUG_INFORMATION_FORMAT = "dwarf-with-dsym";
				ENABLE_NS_ASSERTIONS = NO;
				ENABLE_STRICT_OBJC_MSGSEND = YES;
				GCC_NO_COMMON_BLOCKS = YES;
				GCC_WARN_64_TO_32_BIT_CONVERSION = YES;
				GCC_WARN_ABOUT_RETURN_TYPE = YES_ERROR;
				GCC_WARN_UNDECLARED_SELECTOR = YES;
				GCC_WARN_UNINITIALIZED_AUTOS = YES_AGGRESSIVE;
				GCC_WARN_UNUSED_FUNCTION = YES;
				GCC_WARN_UNUSED_VARIABLE = YES;
				IPHONEOS_DEPLOYMENT_TARGET = 14.0;
				MTL_ENABLE_DEBUG_INFO = NO;
				SDKROOT = iphoneos;
				SWIFT_COMPILATION_MODE = wholemodule;
				SWIFT_OPTIMIZATION_LEVEL = "-O";
				TARGETED_DEVICE_FAMILY = "1,2";
				VALIDATE_PRODUCT = YES;
			};
			name = Release;
		};
		39277A1F1B58228000293F95 /* Debug */ = {
			isa = XCBuildConfiguration;
			buildSettings = {
				ASSETCATALOG_COMPILER_APPICON_NAME = AppIcon;
				ASSETCATALOG_COMPILER_GLOBAL_ACCENT_COLOR_NAME = AccentColor;
				CLANG_ALLOW_NON_MODULAR_INCLUDES_IN_FRAMEWORK_MODULES = YES;
				CLANG_ENABLE_MODULES = YES;
				CLANG_ENABLE_OBJC_WEAK = YES;
				CODE_SIGN_ENTITLEMENTS = LNPopupControllerExample/LNPopupControllerExample.entitlements;
				CODE_SIGN_IDENTITY = "Apple Development";
				CODE_SIGN_STYLE = Automatic;
				DEVELOPMENT_TEAM = S9QFG2VH2E;
				GCC_PREPROCESSOR_DEFINITIONS = (
					"LNPOPUP=1",
					"DEBUG=1",
					"$(inherited)",
				);
				INFOPLIST_FILE = LNPopupControllerExample/Info.plist;
				IPHONEOS_DEPLOYMENT_TARGET = 16.0;
				LD_RUNPATH_SEARCH_PATHS = (
					"$(inherited)",
					"@executable_path/Frameworks",
				);
				OTHER_SWIFT_FLAGS = "-DLNPOPUP";
				PRODUCT_BUNDLE_IDENTIFIER = com.LeoNatan.LNPopupControllerExample;
				PRODUCT_NAME = "$(TARGET_NAME)";
				PROVISIONING_PROFILE = "";
				PROVISIONING_PROFILE_SPECIFIER = "";
				SUPPORTS_MACCATALYST = YES;
				SWIFT_OBJC_BRIDGING_HEADER = "LNPopupControllerExample/Supporting/LNPopupControllerExample-Bridging-Header.h";
				SWIFT_OPTIMIZATION_LEVEL = "-Onone";
				SWIFT_VERSION = 5.0;
				TARGETED_DEVICE_FAMILY = "1,2";
			};
			name = Debug;
		};
		39277A201B58228000293F95 /* Release */ = {
			isa = XCBuildConfiguration;
			buildSettings = {
				ASSETCATALOG_COMPILER_APPICON_NAME = AppIcon;
				ASSETCATALOG_COMPILER_GLOBAL_ACCENT_COLOR_NAME = AccentColor;
				CLANG_ALLOW_NON_MODULAR_INCLUDES_IN_FRAMEWORK_MODULES = YES;
				CLANG_ENABLE_MODULES = YES;
				CLANG_ENABLE_OBJC_WEAK = YES;
				CODE_SIGN_ENTITLEMENTS = LNPopupControllerExample/LNPopupControllerExample.entitlements;
				CODE_SIGN_IDENTITY = "iPhone Developer";
				"CODE_SIGN_IDENTITY[sdk=iphoneos*]" = "iPhone Developer";
				CODE_SIGN_STYLE = Automatic;
				DEVELOPMENT_TEAM = S9QFG2VH2E;
				GCC_PREPROCESSOR_DEFINITIONS = "LNPOPUP=1";
				INFOPLIST_FILE = LNPopupControllerExample/Info.plist;
				IPHONEOS_DEPLOYMENT_TARGET = 16.0;
				LD_RUNPATH_SEARCH_PATHS = (
					"$(inherited)",
					"@executable_path/Frameworks",
				);
				OTHER_SWIFT_FLAGS = "-DLNPOPUP";
				PRODUCT_BUNDLE_IDENTIFIER = com.LeoNatan.LNPopupControllerExample;
				PRODUCT_NAME = "$(TARGET_NAME)";
				PROVISIONING_PROFILE = "";
				PROVISIONING_PROFILE_SPECIFIER = "";
				"PROVISIONING_PROFILE_SPECIFIER[sdk=macosx*]" = "";
				SUPPORTS_MACCATALYST = YES;
				SWIFT_COMPILATION_MODE = wholemodule;
				SWIFT_OBJC_BRIDGING_HEADER = "LNPopupControllerExample/Supporting/LNPopupControllerExample-Bridging-Header.h";
				SWIFT_OPTIMIZATION_LEVEL = "-O";
				SWIFT_VERSION = 5.0;
				TARGETED_DEVICE_FAMILY = "1,2";
			};
			name = Release;
		};
		39FAFC5524E71A6C008BBC2D /* Debug */ = {
			isa = XCBuildConfiguration;
			buildSettings = {
				ASSETCATALOG_COMPILER_APPICON_NAME = AppIcon;
				ASSETCATALOG_COMPILER_GLOBAL_ACCENT_COLOR_NAME = AccentColor;
				CLANG_ALLOW_NON_MODULAR_INCLUDES_IN_FRAMEWORK_MODULES = YES;
				CLANG_ENABLE_MODULES = YES;
				CLANG_ENABLE_OBJC_WEAK = YES;
				CODE_SIGN_IDENTITY = "iPhone Developer";
				"CODE_SIGN_IDENTITY[sdk=iphoneos*]" = "iPhone Developer";
				"CODE_SIGN_IDENTITY[sdk=macosx*]" = "-";
				CODE_SIGN_STYLE = Automatic;
				DERIVE_MACCATALYST_PRODUCT_BUNDLE_IDENTIFIER = YES;
				DEVELOPMENT_TEAM = S9QFG2VH2E;
				INFOPLIST_FILE = "LNPopupControllerExample/LNPopupControllerExampleNoPopup-Info.plist";
				IPHONEOS_DEPLOYMENT_TARGET = 16.0;
				LD_RUNPATH_SEARCH_PATHS = (
					"$(inherited)",
					"@executable_path/Frameworks",
				);
				PRODUCT_BUNDLE_IDENTIFIER = com.LeoNatan.LNPopupControllerExample;
				PRODUCT_NAME = "$(TARGET_NAME)";
				PROVISIONING_PROFILE = "";
				PROVISIONING_PROFILE_SPECIFIER = "";
				"PROVISIONING_PROFILE_SPECIFIER[sdk=macosx*]" = "";
				SUPPORTS_MACCATALYST = YES;
				SWIFT_OBJC_BRIDGING_HEADER = "LNPopupControllerExample/Supporting/LNPopupControllerExample-Bridging-Header.h";
				SWIFT_OPTIMIZATION_LEVEL = "-Onone";
				SWIFT_VERSION = 5.0;
				TARGETED_DEVICE_FAMILY = "1,2";
			};
			name = Debug;
		};
		39FAFC5624E71A6C008BBC2D /* Release */ = {
			isa = XCBuildConfiguration;
			buildSettings = {
				ASSETCATALOG_COMPILER_APPICON_NAME = AppIcon;
				ASSETCATALOG_COMPILER_GLOBAL_ACCENT_COLOR_NAME = AccentColor;
				CLANG_ALLOW_NON_MODULAR_INCLUDES_IN_FRAMEWORK_MODULES = YES;
				CLANG_ENABLE_MODULES = YES;
				CLANG_ENABLE_OBJC_WEAK = YES;
				CODE_SIGN_IDENTITY = "iPhone Developer";
				"CODE_SIGN_IDENTITY[sdk=iphoneos*]" = "iPhone Developer";
				"CODE_SIGN_IDENTITY[sdk=macosx*]" = "-";
				CODE_SIGN_STYLE = Automatic;
				DERIVE_MACCATALYST_PRODUCT_BUNDLE_IDENTIFIER = YES;
				DEVELOPMENT_TEAM = S9QFG2VH2E;
				INFOPLIST_FILE = "LNPopupControllerExample/LNPopupControllerExampleNoPopup-Info.plist";
				IPHONEOS_DEPLOYMENT_TARGET = 16.0;
				LD_RUNPATH_SEARCH_PATHS = (
					"$(inherited)",
					"@executable_path/Frameworks",
				);
				PRODUCT_BUNDLE_IDENTIFIER = com.LeoNatan.LNPopupControllerExample;
				PRODUCT_NAME = "$(TARGET_NAME)";
				PROVISIONING_PROFILE = "";
				PROVISIONING_PROFILE_SPECIFIER = "";
				"PROVISIONING_PROFILE_SPECIFIER[sdk=macosx*]" = "";
				SUPPORTS_MACCATALYST = YES;
				SWIFT_COMPILATION_MODE = wholemodule;
				SWIFT_OBJC_BRIDGING_HEADER = "LNPopupControllerExample/Supporting/LNPopupControllerExample-Bridging-Header.h";
				SWIFT_OPTIMIZATION_LEVEL = "-O";
				SWIFT_VERSION = 5.0;
				TARGETED_DEVICE_FAMILY = "1,2";
			};
			name = Release;
		};
/* End XCBuildConfiguration section */

/* Begin XCConfigurationList section */
		392779FF1B58228000293F95 /* Build configuration list for PBXProject "LNPopupControllerExample" */ = {
			isa = XCConfigurationList;
			buildConfigurations = (
				39277A1C1B58228000293F95 /* Debug */,
				39277A1D1B58228000293F95 /* Release */,
			);
			defaultConfigurationIsVisible = 0;
			defaultConfigurationName = Release;
		};
		39277A1E1B58228000293F95 /* Build configuration list for PBXNativeTarget "LNPopupControllerExample" */ = {
			isa = XCConfigurationList;
			buildConfigurations = (
				39277A1F1B58228000293F95 /* Debug */,
				39277A201B58228000293F95 /* Release */,
			);
			defaultConfigurationIsVisible = 0;
			defaultConfigurationName = Release;
		};
		39FAFC5424E71A6C008BBC2D /* Build configuration list for PBXNativeTarget "LNPopupControllerExampleNoPopup" */ = {
			isa = XCConfigurationList;
			buildConfigurations = (
				39FAFC5524E71A6C008BBC2D /* Debug */,
				39FAFC5624E71A6C008BBC2D /* Release */,
			);
			defaultConfigurationIsVisible = 0;
			defaultConfigurationName = Release;
		};
/* End XCConfigurationList section */

/* Begin XCRemoteSwiftPackageReference section */
		39114EC826E2B0D9004FC75B /* XCRemoteSwiftPackageReference "LNTouchVisualizer" */ = {
			isa = XCRemoteSwiftPackageReference;
			repositoryURL = "https://github.com/LeoNatan/LNTouchVisualizer.git";
			requirement = {
				branch = master;
				kind = branch;
			};
		};
		39114ED726E2BF7A004FC75B /* XCRemoteSwiftPackageReference "LNPreviewToContextMenu" */ = {
			isa = XCRemoteSwiftPackageReference;
			repositoryURL = "https://github.com/LeoNatan/LNPreviewToContextMenu.git";
			requirement = {
				branch = master;
				kind = branch;
			};
		};
		3980E7FA26DEBCAF00AC0728 /* XCRemoteSwiftPackageReference "LoremIpsum" */ = {
			isa = XCRemoteSwiftPackageReference;
			repositoryURL = "https://github.com/LeoNatan/LoremIpsum";
			requirement = {
				branch = master;
				kind = branch;
			};
		};
		39D6C8B12B2D01E600F53E70 /* XCRemoteSwiftPackageReference "LNTouchVisualizer" */ = {
			isa = XCRemoteSwiftPackageReference;
			repositoryURL = "https://github.com/LeoNatan/LNTouchVisualizer.git";
			requirement = {
				kind = upToNextMajorVersion;
				minimumVersion = 1.0.3;
			};
		};
		39FAFC3424E71A6C008BBC2D /* XCRemoteSwiftPackageReference "LoremIpsum" */ = {
			isa = XCRemoteSwiftPackageReference;
			repositoryURL = "https://github.com/lukaskubanek/LoremIpsum";
			requirement = {
				kind = upToNextMajorVersion;
				minimumVersion = 2.0.0;
			};
		};
/* End XCRemoteSwiftPackageReference section */

/* Begin XCSwiftPackageProductDependency section */
		39114EDA26E2BF8B004FC75B /* LoremIpsum */ = {
			isa = XCSwiftPackageProductDependency;
			package = 3980E7FA26DEBCAF00AC0728 /* XCRemoteSwiftPackageReference "LoremIpsum" */;
			productName = LoremIpsum;
		};
		39114EDC26E2BF8B004FC75B /* LNTouchVisualizer */ = {
			isa = XCSwiftPackageProductDependency;
			package = 39114EC826E2B0D9004FC75B /* XCRemoteSwiftPackageReference "LNTouchVisualizer" */;
			productName = LNTouchVisualizer;
		};
		39114EDE26E2BF8B004FC75B /* LNPreviewToContextMenu */ = {
			isa = XCSwiftPackageProductDependency;
			package = 39114ED726E2BF7A004FC75B /* XCRemoteSwiftPackageReference "LNPreviewToContextMenu" */;
			productName = LNPreviewToContextMenu;
		};
		3980E7FB26DEBCAF00AC0728 /* LoremIpsum */ = {
			isa = XCSwiftPackageProductDependency;
			package = 3980E7FA26DEBCAF00AC0728 /* XCRemoteSwiftPackageReference "LoremIpsum" */;
			productName = LoremIpsum;
		};
		39BF83D22B554AE800917649 /* LNPreviewToContextMenu */ = {
			isa = XCSwiftPackageProductDependency;
			package = 39114ED726E2BF7A004FC75B /* XCRemoteSwiftPackageReference "LNPreviewToContextMenu" */;
			productName = LNPreviewToContextMenu;
		};
		39BF83D52B554AF400917649 /* LNPreviewToContextMenu */ = {
			isa = XCSwiftPackageProductDependency;
			package = 39114ED726E2BF7A004FC75B /* XCRemoteSwiftPackageReference "LNPreviewToContextMenu" */;
			productName = LNPreviewToContextMenu;
		};
		39D6C8B22B2D01E600F53E70 /* LNTouchVisualizer */ = {
			isa = XCSwiftPackageProductDependency;
			package = 39D6C8B12B2D01E600F53E70 /* XCRemoteSwiftPackageReference "LNTouchVisualizer" */;
			productName = LNTouchVisualizer;
		};
		39D6C8B52B2D020000F53E70 /* LNTouchVisualizer */ = {
			isa = XCSwiftPackageProductDependency;
			package = 39D6C8B12B2D01E600F53E70 /* XCRemoteSwiftPackageReference "LNTouchVisualizer" */;
			productName = LNTouchVisualizer;
		};
		39FAFC3324E71A6C008BBC2D /* LoremIpsum */ = {
			isa = XCSwiftPackageProductDependency;
			package = 39FAFC3424E71A6C008BBC2D /* XCRemoteSwiftPackageReference "LoremIpsum" */;
			productName = LoremIpsum;
		};
/* End XCSwiftPackageProductDependency section */
	};
	rootObject = 392779FC1B58228000293F95 /* Project object */;
}
